
Microsoft Visual Studio Solution File, Format Version 12.00
# Visual Studio Version 17
VisualStudioVersion = 17.8.34525.116
MinimumVisualStudioVersion = 10.0.40219.1
Project("{FAE04EC0-301F-11D3-BF4B-00C04F79EFBC}") = "TestTask_DynamicSun", "TestTask_DynamicSun.csproj", "{B3838AC9-BE48-4903-B7CC-6139FDDB2CE3}"
EndProject
Global
	GlobalSection(SolutionConfigurationPlatforms) = preSolution
		Debug|Any CPU = Debug|Any CPU
		Release|Any CPU = Release|Any CPU
	EndGlobalSection
	GlobalSection(ProjectConfigurationPlatforms) = postSolution
		{B3838AC9-BE48-4903-B7CC-6139FDDB2CE3}.Debug|Any CPU.ActiveCfg = Debug|Any CPU
		{B3838AC9-BE48-4903-B7CC-6139FDDB2CE3}.Debug|Any CPU.Build.0 = Debug|Any CPU
		{B3838AC9-BE48-4903-B7CC-6139FDDB2CE3}.Release|Any CPU.ActiveCfg = Release|Any CPU
		{B3838AC9-BE48-4903-B7CC-6139FDDB2CE3}.Release|Any CPU.Build.0 = Release|Any CPU
	EndGlobalSection
	GlobalSection(SolutionProperties) = preSolution
		HideSolutionNode = FALSE
	EndGlobalSection
	GlobalSection(ExtensibilityGlobals) = postSolution
		SolutionGuid = {31017B9B-DAA8-4354-8C90-BABF65C4755C}
	EndGlobalSection
EndGlobal
